// !$*UTF8*$!
{
	archiveVersion = 1;
	classes = {
	};
	objectVersion = 56;
	objects = {

/* Begin PBXBuildFile section */
		A03C2DD02B7D150D0007A7E3 /* AddFolderSheet.swift in Sources */ = {isa = PBXBuildFile; fileRef = A03C2DCF2B7D150D0007A7E3 /* AddFolderSheet.swift */; };
		A05FFB1A2B765B690094DAAF /* LinkBucketApp.swift in Sources */ = {isa = PBXBuildFile; fileRef = A05FFB192B765B690094DAAF /* LinkBucketApp.swift */; };
		A05FFB1C2B765B690094DAAF /* LinksScreen.swift in Sources */ = {isa = PBXBuildFile; fileRef = A05FFB1B2B765B690094DAAF /* LinksScreen.swift */; };
		A05FFB1E2B765B6B0094DAAF /* Assets.xcassets in Resources */ = {isa = PBXBuildFile; fileRef = A05FFB1D2B765B6B0094DAAF /* Assets.xcassets */; };
		A05FFB212B765B6B0094DAAF /* Preview Assets.xcassets in Resources */ = {isa = PBXBuildFile; fileRef = A05FFB202B765B6B0094DAAF /* Preview Assets.xcassets */; };
		A07F30D32B7B7620006FC9BF /* Link.swift in Sources */ = {isa = PBXBuildFile; fileRef = A07F30D22B7B7620006FC9BF /* Link.swift */; };
		A0A18ECE2B7F5C410051E142 /* Alert.swift in Sources */ = {isa = PBXBuildFile; fileRef = A0A18ECD2B7F5C410051E142 /* Alert.swift */; };
		A0CC12832B765DA1000F605F /* NetworkManager.swift in Sources */ = {isa = PBXBuildFile; fileRef = A0CC12822B765DA1000F605F /* NetworkManager.swift */; };
		A0CC12852B765FAF000F605F /* RichLinkPreview.swift in Sources */ = {isa = PBXBuildFile; fileRef = A0CC12842B765FAF000F605F /* RichLinkPreview.swift */; };
		A0CC12882B765FCF000F605F /* LinkPreviewRepresentable.swift in Sources */ = {isa = PBXBuildFile; fileRef = A0CC12872B765FCF000F605F /* LinkPreviewRepresentable.swift */; };
		A0D3C0AE2B7C82C400FF8E6D /* FoldersScreen.swift in Sources */ = {isa = PBXBuildFile; fileRef = A0D3C0AD2B7C82C400FF8E6D /* FoldersScreen.swift */; };
		A0D3C0B02B7C838E00FF8E6D /* FolderView.swift in Sources */ = {isa = PBXBuildFile; fileRef = A0D3C0AF2B7C838E00FF8E6D /* FolderView.swift */; };
		A0D3C0B42B7C875800FF8E6D /* Folder.swift in Sources */ = {isa = PBXBuildFile; fileRef = A0D3C0B32B7C875800FF8E6D /* Folder.swift */; };
/* End PBXBuildFile section */

/* Begin PBXFileReference section */
		A03C2DCF2B7D150D0007A7E3 /* AddFolderSheet.swift */ = {isa = PBXFileReference; lastKnownFileType = sourcecode.swift; path = AddFolderSheet.swift; sourceTree = "<group>"; };
		A05FFB162B765B690094DAAF /* LinkBucket.app */ = {isa = PBXFileReference; explicitFileType = wrapper.application; includeInIndex = 0; path = LinkBucket.app; sourceTree = BUILT_PRODUCTS_DIR; };
		A05FFB192B765B690094DAAF /* LinkBucketApp.swift */ = {isa = PBXFileReference; lastKnownFileType = sourcecode.swift; path = LinkBucketApp.swift; sourceTree = "<group>"; };
		A05FFB1B2B765B690094DAAF /* LinksScreen.swift */ = {isa = PBXFileReference; lastKnownFileType = sourcecode.swift; path = LinksScreen.swift; sourceTree = "<group>"; };
		A05FFB1D2B765B6B0094DAAF /* Assets.xcassets */ = {isa = PBXFileReference; lastKnownFileType = folder.assetcatalog; path = Assets.xcassets; sourceTree = "<group>"; };
		A05FFB202B765B6B0094DAAF /* Preview Assets.xcassets */ = {isa = PBXFileReference; lastKnownFileType = folder.assetcatalog; path = "Preview Assets.xcassets"; sourceTree = "<group>"; };
		A07F30D22B7B7620006FC9BF /* Link.swift */ = {isa = PBXFileReference; lastKnownFileType = sourcecode.swift; path = Link.swift; sourceTree = "<group>"; };
		A07F30D42B7B9483006FC9BF /* LinkBucket.entitlements */ = {isa = PBXFileReference; lastKnownFileType = text.plist.entitlements; path = LinkBucket.entitlements; sourceTree = "<group>"; };
		A0A18ECD2B7F5C410051E142 /* Alert.swift */ = {isa = PBXFileReference; lastKnownFileType = sourcecode.swift; path = Alert.swift; sourceTree = "<group>"; };
		A0CC12822B765DA1000F605F /* NetworkManager.swift */ = {isa = PBXFileReference; lastKnownFileType = sourcecode.swift; path = NetworkManager.swift; sourceTree = "<group>"; };
		A0CC12842B765FAF000F605F /* RichLinkPreview.swift */ = {isa = PBXFileReference; lastKnownFileType = sourcecode.swift; path = RichLinkPreview.swift; sourceTree = "<group>"; };
		A0CC12872B765FCF000F605F /* LinkPreviewRepresentable.swift */ = {isa = PBXFileReference; lastKnownFileType = sourcecode.swift; path = LinkPreviewRepresentable.swift; sourceTree = "<group>"; };
		A0CC12892B7665A7000F605F /* Info.plist */ = {isa = PBXFileReference; lastKnownFileType = text.plist; path = Info.plist; sourceTree = "<group>"; };
		A0D3C0AD2B7C82C400FF8E6D /* FoldersScreen.swift */ = {isa = PBXFileReference; lastKnownFileType = sourcecode.swift; path = FoldersScreen.swift; sourceTree = "<group>"; };
		A0D3C0AF2B7C838E00FF8E6D /* FolderView.swift */ = {isa = PBXFileReference; lastKnownFileType = sourcecode.swift; path = FolderView.swift; sourceTree = "<group>"; };
		A0D3C0B32B7C875800FF8E6D /* Folder.swift */ = {isa = PBXFileReference; lastKnownFileType = sourcecode.swift; path = Folder.swift; sourceTree = "<group>"; };
/* End PBXFileReference section */

/* Begin PBXFrameworksBuildPhase section */
		A05FFB132B765B690094DAAF /* Frameworks */ = {
			isa = PBXFrameworksBuildPhase;
			buildActionMask = 2147483647;
			files = (
			);
			runOnlyForDeploymentPostprocessing = 0;
		};
/* End PBXFrameworksBuildPhase section */

/* Begin PBXGroup section */
		A03C2DCE2B7D14F30007A7E3 /* Sheets */ = {
			isa = PBXGroup;
			children = (
				A03C2DCF2B7D150D0007A7E3 /* AddFolderSheet.swift */,
			);
			path = Sheets;
			sourceTree = "<group>";
		};
		A05FFB0D2B765B690094DAAF = {
			isa = PBXGroup;
			children = (
				A05FFB182B765B690094DAAF /* LinkBucket */,
				A05FFB172B765B690094DAAF /* Products */,
			);
			sourceTree = "<group>";
		};
		A05FFB172B765B690094DAAF /* Products */ = {
			isa = PBXGroup;
			children = (
				A05FFB162B765B690094DAAF /* LinkBucket.app */,
			);
			name = Products;
			sourceTree = "<group>";
		};
		A05FFB182B765B690094DAAF /* LinkBucket */ = {
			isa = PBXGroup;
			children = (
				A07F30D42B7B9483006FC9BF /* LinkBucket.entitlements */,
				A05FFB192B765B690094DAAF /* LinkBucketApp.swift */,
				A07F30D12B7B75FE006FC9BF /* Models */,
				A0CC127E2B765D4B000F605F /* View */,
				A0CC12802B765D83000F605F /* Utilities */,
				A05FFB1D2B765B6B0094DAAF /* Assets.xcassets */,
				A0CC12892B7665A7000F605F /* Info.plist */,
				A05FFB1F2B765B6B0094DAAF /* Preview Content */,
			);
			path = LinkBucket;
			sourceTree = "<group>";
		};
		A05FFB1F2B765B6B0094DAAF /* Preview Content */ = {
			isa = PBXGroup;
			children = (
				A05FFB202B765B6B0094DAAF /* Preview Assets.xcassets */,
			);
			path = "Preview Content";
			sourceTree = "<group>";
		};
		A07F30D12B7B75FE006FC9BF /* Models */ = {
			isa = PBXGroup;
			children = (
				A07F30D22B7B7620006FC9BF /* Link.swift */,
				A0D3C0B32B7C875800FF8E6D /* Folder.swift */,
			);
			path = Models;
			sourceTree = "<group>";
		};
		A0A18ECA2B7F5BF10051E142 /* Alerts */ = {
			isa = PBXGroup;
			children = (
				A0A18ECD2B7F5C410051E142 /* Alert.swift */,
			);
			path = Alerts;
			sourceTree = "<group>";
		};
		A0CC127D2B765D3A000F605F /* Screens */ = {
			isa = PBXGroup;
			children = (
				A05FFB1B2B765B690094DAAF /* LinksScreen.swift */,
				A0D3C0AD2B7C82C400FF8E6D /* FoldersScreen.swift */,
			);
			path = Screens;
			sourceTree = "<group>";
		};
		A0CC127E2B765D4B000F605F /* View */ = {
			isa = PBXGroup;
			children = (
				A03C2DCE2B7D14F30007A7E3 /* Sheets */,
				A0CC12862B765FBE000F605F /* UIKit */,
				A0CC127F2B765D78000F605F /* Views */,
				A0CC127D2B765D3A000F605F /* Screens */,
			);
			path = View;
			sourceTree = "<group>";
		};
		A0CC127F2B765D78000F605F /* Views */ = {
			isa = PBXGroup;
			children = (
				A0CC12842B765FAF000F605F /* RichLinkPreview.swift */,
				A0D3C0AF2B7C838E00FF8E6D /* FolderView.swift */,
			);
			path = Views;
			sourceTree = "<group>";
		};
		A0CC12802B765D83000F605F /* Utilities */ = {
			isa = PBXGroup;
			children = (
				A0A18ECA2B7F5BF10051E142 /* Alerts */,
				A0CC12812B765D95000F605F /* Managers */,
			);
			path = Utilities;
			sourceTree = "<group>";
		};
		A0CC12812B765D95000F605F /* Managers */ = {
			isa = PBXGroup;
			children = (
				A0CC12822B765DA1000F605F /* NetworkManager.swift */,
			);
			path = Managers;
			sourceTree = "<group>";
		};
		A0CC12862B765FBE000F605F /* UIKit */ = {
			isa = PBXGroup;
			children = (
				A0CC12872B765FCF000F605F /* LinkPreviewRepresentable.swift */,
			);
			path = UIKit;
			sourceTree = "<group>";
		};
/* End PBXGroup section */

/* Begin PBXNativeTarget section */
		A05FFB152B765B690094DAAF /* LinkBucket */ = {
			isa = PBXNativeTarget;
			buildConfigurationList = A05FFB242B765B6B0094DAAF /* Build configuration list for PBXNativeTarget "LinkBucket" */;
			buildPhases = (
				A05FFB122B765B690094DAAF /* Sources */,
				A05FFB132B765B690094DAAF /* Frameworks */,
				A05FFB142B765B690094DAAF /* Resources */,
			);
			buildRules = (
			);
			dependencies = (
			);
			name = LinkBucket;
			productName = LinkBucket;
			productReference = A05FFB162B765B690094DAAF /* LinkBucket.app */;
			productType = "com.apple.product-type.application";
		};
/* End PBXNativeTarget section */

/* Begin PBXProject section */
		A05FFB0E2B765B690094DAAF /* Project object */ = {
			isa = PBXProject;
			attributes = {
				BuildIndependentTargetsInParallel = 1;
				LastSwiftUpdateCheck = 1520;
				LastUpgradeCheck = 1520;
				TargetAttributes = {
					A05FFB152B765B690094DAAF = {
						CreatedOnToolsVersion = 15.2;
					};
				};
			};
			buildConfigurationList = A05FFB112B765B690094DAAF /* Build configuration list for PBXProject "LinkBucket" */;
			compatibilityVersion = "Xcode 14.0";
			developmentRegion = en;
			hasScannedForEncodings = 0;
			knownRegions = (
				en,
				Base,
			);
			mainGroup = A05FFB0D2B765B690094DAAF;
			productRefGroup = A05FFB172B765B690094DAAF /* Products */;
			projectDirPath = "";
			projectRoot = "";
			targets = (
				A05FFB152B765B690094DAAF /* LinkBucket */,
			);
		};
/* End PBXProject section */

/* Begin PBXResourcesBuildPhase section */
		A05FFB142B765B690094DAAF /* Resources */ = {
			isa = PBXResourcesBuildPhase;
			buildActionMask = 2147483647;
			files = (
				A05FFB212B765B6B0094DAAF /* Preview Assets.xcassets in Resources */,
				A05FFB1E2B765B6B0094DAAF /* Assets.xcassets in Resources */,
			);
			runOnlyForDeploymentPostprocessing = 0;
		};
/* End PBXResourcesBuildPhase section */

/* Begin PBXSourcesBuildPhase section */
		A05FFB122B765B690094DAAF /* Sources */ = {
			isa = PBXSourcesBuildPhase;
			buildActionMask = 2147483647;
			files = (
				A0CC12832B765DA1000F605F /* NetworkManager.swift in Sources */,
				A0CC12882B765FCF000F605F /* LinkPreviewRepresentable.swift in Sources */,
				A05FFB1C2B765B690094DAAF /* LinksScreen.swift in Sources */,
				A0D3C0B02B7C838E00FF8E6D /* FolderView.swift in Sources */,
				A07F30D32B7B7620006FC9BF /* Link.swift in Sources */,
				A0A18ECE2B7F5C410051E142 /* Alert.swift in Sources */,
				A0CC12852B765FAF000F605F /* RichLinkPreview.swift in Sources */,
				A0D3C0AE2B7C82C400FF8E6D /* FoldersScreen.swift in Sources */,
				A05FFB1A2B765B690094DAAF /* LinkBucketApp.swift in Sources */,
				A0D3C0B42B7C875800FF8E6D /* Folder.swift in Sources */,
				A03C2DD02B7D150D0007A7E3 /* AddFolderSheet.swift in Sources */,
			);
			runOnlyForDeploymentPostprocessing = 0;
		};
/* End PBXSourcesBuildPhase section */

/* Begin XCBuildConfiguration section */
		A05FFB222B765B6B0094DAAF /* Debug */ = {
			isa = XCBuildConfiguration;
			buildSettings = {
				ALWAYS_SEARCH_USER_PATHS = NO;
				ASSETCATALOG_COMPILER_GENERATE_SWIFT_ASSET_SYMBOL_EXTENSIONS = YES;
				CLANG_ANALYZER_NONNULL = YES;
				CLANG_ANALYZER_NUMBER_OBJECT_CONVERSION = YES_AGGRESSIVE;
				CLANG_CXX_LANGUAGE_STANDARD = "gnu++20";
				CLANG_ENABLE_MODULES = YES;
				CLANG_ENABLE_OBJC_ARC = YES;
				CLANG_ENABLE_OBJC_WEAK = YES;
				CLANG_WARN_BLOCK_CAPTURE_AUTORELEASING = YES;
				CLANG_WARN_BOOL_CONVERSION = YES;
				CLANG_WARN_COMMA = YES;
				CLANG_WARN_CONSTANT_CONVERSION = YES;
				CLANG_WARN_DEPRECATED_OBJC_IMPLEMENTATIONS = YES;
				CLANG_WARN_DIRECT_OBJC_ISA_USAGE = YES_ERROR;
				CLANG_WARN_DOCUMENTATION_COMMENTS = YES;
				CLANG_WARN_EMPTY_BODY = YES;
				CLANG_WARN_ENUM_CONVERSION = YES;
				CLANG_WARN_INFINITE_RECURSION = YES;
				CLANG_WARN_INT_CONVERSION = YES;
				CLANG_WARN_NON_LITERAL_NULL_CONVERSION = YES;
				CLANG_WARN_OBJC_IMPLICIT_RETAIN_SELF = YES;
				CLANG_WARN_OBJC_LITERAL_CONVERSION = YES;
				CLANG_WARN_OBJC_ROOT_CLASS = YES_ERROR;
				CLANG_WARN_QUOTED_INCLUDE_IN_FRAMEWORK_HEADER = YES;
				CLANG_WARN_RANGE_LOOP_ANALYSIS = YES;
				CLANG_WARN_STRICT_PROTOTYPES = YES;
				CLANG_WARN_SUSPICIOUS_MOVE = YES;
				CLANG_WARN_UNGUARDED_AVAILABILITY = YES_AGGRESSIVE;
				CLANG_WARN_UNREACHABLE_CODE = YES;
				CLANG_WARN__DUPLICATE_METHOD_MATCH = YES;
				COPY_PHASE_STRIP = NO;
				DEBUG_INFORMATION_FORMAT = dwarf;
				ENABLE_STRICT_OBJC_MSGSEND = YES;
				ENABLE_TESTABILITY = YES;
				ENABLE_USER_SCRIPT_SANDBOXING = YES;
				GCC_C_LANGUAGE_STANDARD = gnu17;
				GCC_DYNAMIC_NO_PIC = NO;
				GCC_NO_COMMON_BLOCKS = YES;
				GCC_OPTIMIZATION_LEVEL = 0;
				GCC_PREPROCESSOR_DEFINITIONS = (
					"DEBUG=1",
					"$(inherited)",
				);
				GCC_WARN_64_TO_32_BIT_CONVERSION = YES;
				GCC_WARN_ABOUT_RETURN_TYPE = YES_ERROR;
				GCC_WARN_UNDECLARED_SELECTOR = YES;
				GCC_WARN_UNINITIALIZED_AUTOS = YES_AGGRESSIVE;
				GCC_WARN_UNUSED_FUNCTION = YES;
				GCC_WARN_UNUSED_VARIABLE = YES;
				IPHONEOS_DEPLOYMENT_TARGET = 17.2;
				LOCALIZATION_PREFERS_STRING_CATALOGS = YES;
				MTL_ENABLE_DEBUG_INFO = INCLUDE_SOURCE;
				MTL_FAST_MATH = YES;
				ONLY_ACTIVE_ARCH = YES;
				SDKROOT = iphoneos;
				SWIFT_ACTIVE_COMPILATION_CONDITIONS = "DEBUG $(inherited)";
				SWIFT_OPTIMIZATION_LEVEL = "-Onone";
			};
			name = Debug;
		};
		A05FFB232B765B6B0094DAAF /* Release */ = {
			isa = XCBuildConfiguration;
			buildSettings = {
				ALWAYS_SEARCH_USER_PATHS = NO;
				ASSETCATALOG_COMPILER_GENERATE_SWIFT_ASSET_SYMBOL_EXTENSIONS = YES;
				CLANG_ANALYZER_NONNULL = YES;
				CLANG_ANALYZER_NUMBER_OBJECT_CONVERSION = YES_AGGRESSIVE;
				CLANG_CXX_LANGUAGE_STANDARD = "gnu++20";
				CLANG_ENABLE_MODULES = YES;
				CLANG_ENABLE_OBJC_ARC = YES;
				CLANG_ENABLE_OBJC_WEAK = YES;
				CLANG_WARN_BLOCK_CAPTURE_AUTORELEASING = YES;
				CLANG_WARN_BOOL_CONVERSION = YES;
				CLANG_WARN_COMMA = YES;
				CLANG_WARN_CONSTANT_CONVERSION = YES;
				CLANG_WARN_DEPRECATED_OBJC_IMPLEMENTATIONS = YES;
				CLANG_WARN_DIRECT_OBJC_ISA_USAGE = YES_ERROR;
				CLANG_WARN_DOCUMENTATION_COMMENTS = YES;
				CLANG_WARN_EMPTY_BODY = YES;
				CLANG_WARN_ENUM_CONVERSION = YES;
				CLANG_WARN_INFINITE_RECURSION = YES;
				CLANG_WARN_INT_CONVERSION = YES;
				CLANG_WARN_NON_LITERAL_NULL_CONVERSION = YES;
				CLANG_WARN_OBJC_IMPLICIT_RETAIN_SELF = YES;
				CLANG_WARN_OBJC_LITERAL_CONVERSION = YES;
				CLANG_WARN_OBJC_ROOT_CLASS = YES_ERROR;
				CLANG_WARN_QUOTED_INCLUDE_IN_FRAMEWORK_HEADER = YES;
				CLANG_WARN_RANGE_LOOP_ANALYSIS = YES;
				CLANG_WARN_STRICT_PROTOTYPES = YES;
				CLANG_WARN_SUSPICIOUS_MOVE = YES;
				CLANG_WARN_UNGUARDED_AVAILABILITY = YES_AGGRESSIVE;
				CLANG_WARN_UNREACHABLE_CODE = YES;
				CLANG_WARN__DUPLICATE_METHOD_MATCH = YES;
				COPY_PHASE_STRIP = NO;
				DEBUG_INFORMATION_FORMAT = "dwarf-with-dsym";
				ENABLE_NS_ASSERTIONS = NO;
				ENABLE_STRICT_OBJC_MSGSEND = YES;
				ENABLE_USER_SCRIPT_SANDBOXING = YES;
				GCC_C_LANGUAGE_STANDARD = gnu17;
				GCC_NO_COMMON_BLOCKS = YES;
				GCC_WARN_64_TO_32_BIT_CONVERSION = YES;
				GCC_WARN_ABOUT_RETURN_TYPE = YES_ERROR;
				GCC_WARN_UNDECLARED_SELECTOR = YES;
				GCC_WARN_UNINITIALIZED_AUTOS = YES_AGGRESSIVE;
				GCC_WARN_UNUSED_FUNCTION = YES;
				GCC_WARN_UNUSED_VARIABLE = YES;
				IPHONEOS_DEPLOYMENT_TARGET = 17.2;
				LOCALIZATION_PREFERS_STRING_CATALOGS = YES;
				MTL_ENABLE_DEBUG_INFO = NO;
				MTL_FAST_MATH = YES;
				SDKROOT = iphoneos;
				SWIFT_COMPILATION_MODE = wholemodule;
				VALIDATE_PRODUCT = YES;
			};
			name = Release;
		};
		A05FFB252B765B6B0094DAAF /* Debug */ = {
			isa = XCBuildConfiguration;
			buildSettings = {
				ASSETCATALOG_COMPILER_APPICON_NAME = AppIcon;
				ASSETCATALOG_COMPILER_GLOBAL_ACCENT_COLOR_NAME = AccentColor;
				CODE_SIGN_ENTITLEMENTS = LinkBucket/LinkBucket.entitlements;
				CODE_SIGN_STYLE = Automatic;
				CURRENT_PROJECT_VERSION = 1;
				DEVELOPMENT_ASSET_PATHS = "\"LinkBucket/Preview Content\"";
				DEVELOPMENT_TEAM = 255Q572H86;
				ENABLE_PREVIEWS = YES;
				GENERATE_INFOPLIST_FILE = YES;
				INFOPLIST_FILE = LinkBucket/Info.plist;
				INFOPLIST_KEY_CFBundleDisplayName = "Link Bucket";
				INFOPLIST_KEY_LSApplicationCategoryType = "public.app-category.utilities";
				INFOPLIST_KEY_UIApplicationSceneManifest_Generation = YES;
				INFOPLIST_KEY_UIApplicationSupportsIndirectInputEvents = YES;
				INFOPLIST_KEY_UILaunchScreen_Generation = YES;
				INFOPLIST_KEY_UISupportedInterfaceOrientations_iPad = "UIInterfaceOrientationPortrait UIInterfaceOrientationPortraitUpsideDown UIInterfaceOrientationLandscapeLeft UIInterfaceOrientationLandscapeRight";
				INFOPLIST_KEY_UISupportedInterfaceOrientations_iPhone = "UIInterfaceOrientationPortrait UIInterfaceOrientationLandscapeLeft UIInterfaceOrientationLandscapeRight";
				LD_RUNPATH_SEARCH_PATHS = (
					"$(inherited)",
					"@executable_path/Frameworks",
				);
				MARKETING_VERSION = 1.0;
				PRODUCT_BUNDLE_IDENTIFIER = com.nihalismail.LinkBucket;
				PRODUCT_NAME = "$(TARGET_NAME)";
				SWIFT_EMIT_LOC_STRINGS = YES;
				SWIFT_VERSION = 5.0;
				TARGETED_DEVICE_FAMILY = "1,2";
			};
			name = Debug;
		};
		A05FFB262B765B6B0094DAAF /* Release */ = {
			isa = XCBuildConfiguration;
			buildSettings = {
				ASSETCATALOG_COMPILER_APPICON_NAME = AppIcon;
				ASSETCATALOG_COMPILER_GLOBAL_ACCENT_COLOR_NAME = AccentColor;
				CODE_SIGN_ENTITLEMENTS = LinkBucket/LinkBucket.entitlements;
				CODE_SIGN_STYLE = Automatic;
				CURRENT_PROJECT_VERSION = 1;
				DEVELOPMENT_ASSET_PATHS = "\"LinkBucket/Preview Content\"";
				DEVELOPMENT_TEAM = 255Q572H86;
				ENABLE_PREVIEWS = YES;
				GENERATE_INFOPLIST_FILE = YES;
				INFOPLIST_FILE = LinkBucket/Info.plist;
				INFOPLIST_KEY_CFBundleDisplayName = "Link Bucket";
				INFOPLIST_KEY_LSApplicationCategoryType = "public.app-category.utilities";
				INFOPLIST_KEY_UIApplicationSceneManifest_Generation = YES;
				INFOPLIST_KEY_UIApplicationSupportsIndirectInputEvents = YES;
				INFOPLIST_KEY_UILaunchScreen_Generation = YES;
				INFOPLIST_KEY_UISupportedInterfaceOrientations_iPad = "UIInterfaceOrientationPortrait UIInterfaceOrientationPortraitUpsideDown UIInterfaceOrientationLandscapeLeft UIInterfaceOrientationLandscapeRight";
				INFOPLIST_KEY_UISupportedInterfaceOrientations_iPhone = "UIInterfaceOrientationPortrait UIInterfaceOrientationLandscapeLeft UIInterfaceOrientationLandscapeRight";
				LD_RUNPATH_SEARCH_PATHS = (
					"$(inherited)",
					"@executable_path/Frameworks",
				);
				MARKETING_VERSION = 1.0;
				PRODUCT_BUNDLE_IDENTIFIER = com.nihalismail.LinkBucket;
				PRODUCT_NAME = "$(TARGET_NAME)";
				SWIFT_EMIT_LOC_STRINGS = YES;
				SWIFT_VERSION = 5.0;
				TARGETED_DEVICE_FAMILY = "1,2";
			};
			name = Release;
		};
/* End XCBuildConfiguration section */

/* Begin XCConfigurationList section */
		A05FFB112B765B690094DAAF /* Build configuration list for PBXProject "LinkBucket" */ = {
			isa = XCConfigurationList;
			buildConfigurations = (
				A05FFB222B765B6B0094DAAF /* Debug */,
				A05FFB232B765B6B0094DAAF /* Release */,
			);
			defaultConfigurationIsVisible = 0;
			defaultConfigurationName = Release;
		};
		A05FFB242B765B6B0094DAAF /* Build configuration list for PBXNativeTarget "LinkBucket" */ = {
			isa = XCConfigurationList;
			buildConfigurations = (
				A05FFB252B765B6B0094DAAF /* Debug */,
				A05FFB262B765B6B0094DAAF /* Release */,
			);
			defaultConfigurationIsVisible = 0;
			defaultConfigurationName = Release;
		};
/* End XCConfigurationList section */
	};
	rootObject = A05FFB0E2B765B690094DAAF /* Project object */;
}
